<?xml version="1.0" encoding="utf-8"?>
<Project ToolsVersion="4.0" xmlns="http://schemas.microsoft.com/developer/msbuild/2003">
  <ItemGroup>
    <ClCompile Include="main.cpp" />
    <ClCompile Include="NeuralNetwork.cpp" />
    <ClCompile Include="TestXor.cpp" />
    <ClCompile Include="TestMnist.cpp" />
    <ClCompile Include="Matrix.cpp" />
  </ItemGroup>
  <ItemGroup>
    <ClInclude Include="NeuralNetwork.h" />
    <ClInclude Include="MatrixT.h" />
    <ClInclude Include="Matrix.h" />
  </ItemGroup>
</Project>